{
  "name": "enqlave",
  "version": "1.0.0",
  "lockfileVersion": 1,
  "requires": true,
  "dependencies": {
    "qrllib": {
      "version": "1.2.0",
      "resolved": "https://registry.npmjs.org/qrllib/-/qrllib-1.2.0.tgz",
      "integrity": "sha512-ls+Zr6Uy2IYTEQtjZSScTpgKqWHsnbB/G+YpbmVEr1nS/FryEsocPYzhX0bcHOLZgsi+CvVIofzl1gDNhjpUsw=="
    }
  }
}
